// !$*UTF8*$!
{
	archiveVersion = 1;
	classes = {
	};
	objectVersion = 50;
	objects = {

/* Begin PBXBuildFile section */
		18DB9E4423FDBE3D0086116C /* AppDelegate.swift in Sources */ = {isa = PBXBuildFile; fileRef = 18DB9E4323FDBE3D0086116C /* AppDelegate.swift */; };
		18DB9E4623FDBE3D0086116C /* SceneDelegate.swift in Sources */ = {isa = PBXBuildFile; fileRef = 18DB9E4523FDBE3D0086116C /* SceneDelegate.swift */; };
		18DB9E4823FDBE3D0086116C /* ViewController.swift in Sources */ = {isa = PBXBuildFile; fileRef = 18DB9E4723FDBE3D0086116C /* ViewController.swift */; };
		18DB9E4B23FDBE3D0086116C /* Main.storyboard in Resources */ = {isa = PBXBuildFile; fileRef = 18DB9E4923FDBE3D0086116C /* Main.storyboard */; };
		18DB9E4D23FDBE400086116C /* Assets.xcassets in Resources */ = {isa = PBXBuildFile; fileRef = 18DB9E4C23FDBE400086116C /* Assets.xcassets */; };
		18DB9E5023FDBE400086116C /* LaunchScreen.storyboard in Resources */ = {isa = PBXBuildFile; fileRef = 18DB9E4E23FDBE400086116C /* LaunchScreen.storyboard */; };
		18DB9E5823FDC1710086116C /* FrameExtractor.swift in Sources */ = {isa = PBXBuildFile; fileRef = 18DB9E5723FDC1710086116C /* FrameExtractor.swift */; };
/* End PBXBuildFile section */

/* Begin PBXFileReference section */
		18DB9E4023FDBE3C0086116C /* EZTrim.app */ = {isa = PBXFileReference; explicitFileType = wrapper.application; includeInIndex = 0; path = EZTrim.app; sourceTree = BUILT_PRODUCTS_DIR; };
		18DB9E4323FDBE3D0086116C /* AppDelegate.swift */ = {isa = PBXFileReference; lastKnownFileType = sourcecode.swift; path = AppDelegate.swift; sourceTree = "<group>"; };
		18DB9E4523FDBE3D0086116C /* SceneDelegate.swift */ = {isa = PBXFileReference; lastKnownFileType = sourcecode.swift; path = SceneDelegate.swift; sourceTree = "<group>"; };
		18DB9E4723FDBE3D0086116C /* ViewController.swift */ = {isa = PBXFileReference; lastKnownFileType = sourcecode.swift; path = ViewController.swift; sourceTree = "<group>"; };
		18DB9E4A23FDBE3D0086116C /* Base */ = {isa = PBXFileReference; lastKnownFileType = file.storyboard; name = Base; path = Base.lproj/Main.storyboard; sourceTree = "<group>"; };
		18DB9E4C23FDBE400086116C /* Assets.xcassets */ = {isa = PBXFileReference; lastKnownFileType = folder.assetcatalog; path = Assets.xcassets; sourceTree = "<group>"; };
		18DB9E4F23FDBE400086116C /* Base */ = {isa = PBXFileReference; lastKnownFileType = file.storyboard; name = Base; path = Base.lproj/LaunchScreen.storyboard; sourceTree = "<group>"; };
		18DB9E5123FDBE400086116C /* Info.plist */ = {isa = PBXFileReference; lastKnownFileType = text.plist.xml; path = Info.plist; sourceTree = "<group>"; };
		18DB9E5723FDC1710086116C /* FrameExtractor.swift */ = {isa = PBXFileReference; lastKnownFileType = sourcecode.swift; path = FrameExtractor.swift; sourceTree = "<group>"; };
/* End PBXFileReference section */

/* Begin PBXFrameworksBuildPhase section */
		18DB9E3D23FDBE3C0086116C /* Frameworks */ = {
			isa = PBXFrameworksBuildPhase;
			buildActionMask = 2147483647;
			files = (
			);
			runOnlyForDeploymentPostprocessing = 0;
		};
/* End PBXFrameworksBuildPhase section */

/* Begin PBXGroup section */
		18DB9E3723FDBE3C0086116C = {
			isa = PBXGroup;
			children = (
				18DB9E4223FDBE3C0086116C /* EZTrim */,
				18DB9E4123FDBE3C0086116C /* Products */,
			);
			sourceTree = "<group>";
		};
		18DB9E4123FDBE3C0086116C /* Products */ = {
			isa = PBXGroup;
			children = (
				18DB9E4023FDBE3C0086116C /* EZTrim.app */,
			);
			name = Products;
			sourceTree = "<group>";
		};
		18DB9E4223FDBE3C0086116C /* EZTrim */ = {
			isa = PBXGroup;
			children = (
				18DB9E4323FDBE3D0086116C /* AppDelegate.swift */,
				18DB9E4523FDBE3D0086116C /* SceneDelegate.swift */,
				18DB9E4723FDBE3D0086116C /* ViewController.swift */,
				18DB9E4923FDBE3D0086116C /* Main.storyboard */,
				18DB9E4C23FDBE400086116C /* Assets.xcassets */,
				18DB9E4E23FDBE400086116C /* LaunchScreen.storyboard */,
				18DB9E5123FDBE400086116C /* Info.plist */,
				18DB9E5723FDC1710086116C /* FrameExtractor.swift */,
			);
			path = EZTrim;
			sourceTree = "<group>";
		};
/* End PBXGroup section */

/* Begin PBXNativeTarget section */
		18DB9E3F23FDBE3C0086116C /* EZTrim */ = {
			isa = PBXNativeTarget;
			buildConfigurationList = 18DB9E5423FDBE400086116C /* Build configuration list for PBXNativeTarget "EZTrim" */;
			buildPhases = (
				18DB9E3C23FDBE3C0086116C /* Sources */,
				18DB9E3D23FDBE3C0086116C /* Frameworks */,
				18DB9E3E23FDBE3C0086116C /* Resources */,
			);
			buildRules = (
			);
			dependencies = (
			);
			name = EZTrim;
			productName = EZTrim;
			productReference = 18DB9E4023FDBE3C0086116C /* EZTrim.app */;
			productType = "com.apple.product-type.application";
		};
/* End PBXNativeTarget section */

/* Begin PBXProject section */
		18DB9E3823FDBE3C0086116C /* Project object */ = {
			isa = PBXProject;
			attributes = {
				LastSwiftUpdateCheck = 1130;
				LastUpgradeCheck = 1130;
				ORGANIZATIONNAME = "Jonathan Leo";
				TargetAttributes = {
					18DB9E3F23FDBE3C0086116C = {
						CreatedOnToolsVersion = 11.3.1;
					};
				};
			};
			buildConfigurationList = 18DB9E3B23FDBE3C0086116C /* Build configuration list for PBXProject "EZTrim" */;
			compatibilityVersion = "Xcode 9.3";
			developmentRegion = en;
			hasScannedForEncodings = 0;
			knownRegions = (
				en,
				Base,
			);
			mainGroup = 18DB9E3723FDBE3C0086116C;
			productRefGroup = 18DB9E4123FDBE3C0086116C /* Products */;
			projectDirPath = "";
			projectRoot = "";
			targets = (
				18DB9E3F23FDBE3C0086116C /* EZTrim */,
			);
		};
/* End PBXProject section */

/* Begin PBXResourcesBuildPhase section */
		18DB9E3E23FDBE3C0086116C /* Resources */ = {
			isa = PBXResourcesBuildPhase;
			buildActionMask = 2147483647;
			files = (
				18DB9E5023FDBE400086116C /* LaunchScreen.storyboard in Resources */,
				18DB9E4D23FDBE400086116C /* Assets.xcassets in Resources */,
				18DB9E4B23FDBE3D0086116C /* Main.storyboard in Resources */,
			);
			runOnlyForDeploymentPostprocessing = 0;
		};
/* End PBXResourcesBuildPhase section */

/* Begin PBXSourcesBuildPhase section */
		18DB9E3C23FDBE3C0086116C /* Sources */ = {
			isa = PBXSourcesBuildPhase;
			buildActionMask = 2147483647;
			files = (
				18DB9E4823FDBE3D0086116C /* ViewController.swift in Sources */,
				18DB9E4423FDBE3D0086116C /* AppDelegate.swift in Sources */,
				18DB9E5823FDC1710086116C /* FrameExtractor.swift in Sources */,
				18DB9E4623FDBE3D0086116C /* SceneDelegate.swift in Sources */,
			);
			runOnlyForDeploymentPostprocessing = 0;
		};
/* End PBXSourcesBuildPhase section */

/* Begin PBXVariantGroup section */
		18DB9E4923FDBE3D0086116C /* Main.storyboard */ = {
			isa = PBXVariantGroup;
			children = (
				18DB9E4A23FDBE3D0086116C /* Base */,
			);
			name = Main.storyboard;
			sourceTree = "<group>";
		};
		18DB9E4E23FDBE400086116C /* LaunchScreen.storyboard */ = {
			isa = PBXVariantGroup;
			children = (
				18DB9E4F23FDBE400086116C /* Base */,
			);
			name = LaunchScreen.storyboard;
			sourceTree = "<group>";
		};
/* End PBXVariantGroup section */

/* Begin XCBuildConfiguration section */
		18DB9E5223FDBE400086116C /* Debug */ = {
			isa = XCBuildConfiguration;
			buildSettings = {
				ALWAYS_SEARCH_USER_PATHS = NO;
				CLANG_ANALYZER_NONNULL = YES;
				CLANG_ANALYZER_NUMBER_OBJECT_CONVERSION = YES_AGGRESSIVE;
				CLANG_CXX_LANGUAGE_STANDARD = "gnu++14";
				CLANG_CXX_LIBRARY = "libc++";
				CLANG_ENABLE_MODULES = YES;
				CLANG_ENABLE_OBJC_ARC = YES;
				CLANG_ENABLE_OBJC_WEAK = YES;
				CLANG_WARN_BLOCK_CAPTURE_AUTORELEASING = YES;
				CLANG_WARN_BOOL_CONVERSION = YES;
				CLANG_WARN_COMMA = YES;
				CLANG_WARN_CONSTANT_CONVERSION = YES;
				CLANG_WARN_DEPRECATED_OBJC_IMPLEMENTATIONS = YES;
				CLANG_WARN_DIRECT_OBJC_ISA_USAGE = YES_ERROR;
				CLANG_WARN_DOCUMENTATION_COMMENTS = YES;
				CLANG_WARN_EMPTY_BODY = YES;
				CLANG_WARN_ENUM_CONVERSION = YES;
				CLANG_WARN_INFINITE_RECURSION = YES;
				CLANG_WARN_INT_CONVERSION = YES;
				CLANG_WARN_NON_LITERAL_NULL_CONVERSION = YES;
				CLANG_WARN_OBJC_IMPLICIT_RETAIN_SELF = YES;
				CLANG_WARN_OBJC_LITERAL_CONVERSION = YES;
				CLANG_WARN_OBJC_ROOT_CLASS = YES_ERROR;
				CLANG_WARN_RANGE_LOOP_ANALYSIS = YES;
				CLANG_WARN_STRICT_PROTOTYPES = YES;
				CLANG_WARN_SUSPICIOUS_MOVE = YES;
				CLANG_WARN_UNGUARDED_AVAILABILITY = YES_AGGRESSIVE;
				CLANG_WARN_UNREACHABLE_CODE = YES;
				CLANG_WARN__DUPLICATE_METHOD_MATCH = YES;
				COPY_PHASE_STRIP = NO;
				DEBUG_INFORMATION_FORMAT = dwarf;
				ENABLE_STRICT_OBJC_MSGSEND = YES;
				ENABLE_TESTABILITY = YES;
				GCC_C_LANGUAGE_STANDARD = gnu11;
				GCC_DYNAMIC_NO_PIC = NO;
				GCC_NO_COMMON_BLOCKS = YES;
				GCC_OPTIMIZATION_LEVEL = 0;
				GCC_PREPROCESSOR_DEFINITIONS = (
					"DEBUG=1",
					"$(inherited)",
				);
				GCC_WARN_64_TO_32_BIT_CONVERSION = YES;
				GCC_WARN_ABOUT_RETURN_TYPE = YES_ERROR;
				GCC_WARN_UNDECLARED_SELECTOR = YES;
				GCC_WARN_UNINITIALIZED_AUTOS = YES_AGGRESSIVE;
				GCC_WARN_UNUSED_FUNCTION = YES;
				GCC_WARN_UNUSED_VARIABLE = YES;
				IPHONEOS_DEPLOYMENT_TARGET = 13.2;
				MTL_ENABLE_DEBUG_INFO = INCLUDE_SOURCE;
				MTL_FAST_MATH = YES;
				ONLY_ACTIVE_ARCH = YES;
				SDKROOT = iphoneos;
				SWIFT_ACTIVE_COMPILATION_CONDITIONS = DEBUG;
				SWIFT_OPTIMIZATION_LEVEL = "-Onone";
			};
			name = Debug;
		};
		18DB9E5323FDBE400086116C /* Release */ = {
			isa = XCBuildConfiguration;
			buildSettings = {
				ALWAYS_SEARCH_USER_PATHS = NO;
				CLANG_ANALYZER_NONNULL = YES;
				CLANG_ANALYZER_NUMBER_OBJECT_CONVERSION = YES_AGGRESSIVE;
				CLANG_CXX_LANGUAGE_STANDARD = "gnu++14";
				CLANG_CXX_LIBRARY = "libc++";
				CLANG_ENABLE_MODULES = YES;
				CLANG_ENABLE_OBJC_ARC = YES;
				CLANG_ENABLE_OBJC_WEAK = YES;
				CLANG_WARN_BLOCK_CAPTURE_AUTORELEASING = YES;
				CLANG_WARN_BOOL_CONVERSION = YES;
				CLANG_WARN_COMMA = YES;
				CLANG_WARN_CONSTANT_CONVERSION = YES;
				CLANG_WARN_DEPRECATED_OBJC_IMPLEMENTATIONS = YES;
				CLANG_WARN_DIRECT_OBJC_ISA_USAGE = YES_ERROR;
				CLANG_WARN_DOCUMENTATION_COMMENTS = YES;
				CLANG_WARN_EMPTY_BODY = YES;
				CLANG_WARN_ENUM_CONVERSION = YES;
				CLANG_WARN_INFINITE_RECURSION = YES;
				CLANG_WARN_INT_CONVERSION = YES;
				CLANG_WARN_NON_LITERAL_NULL_CONVERSION = YES;
				CLANG_WARN_OBJC_IMPLICIT_RETAIN_SELF = YES;
				CLANG_WARN_OBJC_LITERAL_CONVERSION = YES;
				CLANG_WARN_OBJC_ROOT_CLASS = YES_ERROR;
				CLANG_WARN_RANGE_LOOP_ANALYSIS = YES;
				CLANG_WARN_STRICT_PROTOTYPES = YES;
				CLANG_WARN_SUSPICIOUS_MOVE = YES;
				CLANG_WARN_UNGUARDED_AVAILABILITY = YES_AGGRESSIVE;
				CLANG_WARN_UNREACHABLE_CODE = YES;
				CLANG_WARN__DUPLICATE_METHOD_MATCH = YES;
				COPY_PHASE_STRIP = NO;
				DEBUG_INFORMATION_FORMAT = "dwarf-with-dsym";
				ENABLE_NS_ASSERTIONS = NO;
				ENABLE_STRICT_OBJC_MSGSEND = YES;
				GCC_C_LANGUAGE_STANDARD = gnu11;
				GCC_NO_COMMON_BLOCKS = YES;
				GCC_WARN_64_TO_32_BIT_CONVERSION = YES;
				GCC_WARN_ABOUT_RETURN_TYPE = YES_ERROR;
				GCC_WARN_UNDECLARED_SELECTOR = YES;
				GCC_WARN_UNINITIALIZED_AUTOS = YES_AGGRESSIVE;
				GCC_WARN_UNUSED_FUNCTION = YES;
				GCC_WARN_UNUSED_VARIABLE = YES;
				IPHONEOS_DEPLOYMENT_TARGET = 13.2;
				MTL_ENABLE_DEBUG_INFO = NO;
				MTL_FAST_MATH = YES;
				SDKROOT = iphoneos;
				SWIFT_COMPILATION_MODE = wholemodule;
				SWIFT_OPTIMIZATION_LEVEL = "-O";
				VALIDATE_PRODUCT = YES;
			};
			name = Release;
		};
		18DB9E5523FDBE400086116C /* Debug */ = {
			isa = XCBuildConfiguration;
			buildSettings = {
				ASSETCATALOG_COMPILER_APPICON_NAME = AppIcon;
				CODE_SIGN_STYLE = Automatic;
				DEVELOPMENT_TEAM = HU2AH4JY8U;
				INFOPLIST_FILE = EZTrim/Info.plist;
				IPHONEOS_DEPLOYMENT_TARGET = 13.0;
				LD_RUNPATH_SEARCH_PATHS = (
					"$(inherited)",
					"@executable_path/Frameworks",
				);
				PRODUCT_BUNDLE_IDENTIFIER = ezt.EZTrim;
				PRODUCT_NAME = "$(TARGET_NAME)";
				SWIFT_VERSION = 5.0;
				TARGETED_DEVICE_FAMILY = "1,2";
			};
			name = Debug;
		};
		18DB9E5623FDBE400086116C /* Release */ = {
			isa = XCBuildConfiguration;
			buildSettings = {
				ASSETCATALOG_COMPILER_APPICON_NAME = AppIcon;
				CODE_SIGN_STYLE = Automatic;
				DEVELOPMENT_TEAM = HU2AH4JY8U;
				INFOPLIST_FILE = EZTrim/Info.plist;
				IPHONEOS_DEPLOYMENT_TARGET = 13.0;
				LD_RUNPATH_SEARCH_PATHS = (
					"$(inherited)",
					"@executable_path/Frameworks",
				);
				PRODUCT_BUNDLE_IDENTIFIER = ezt.EZTrim;
				PRODUCT_NAME = "$(TARGET_NAME)";
				SWIFT_VERSION = 5.0;
				TARGETED_DEVICE_FAMILY = "1,2";
			};
			name = Release;
		};
/* End XCBuildConfiguration section */

/* Begin XCConfigurationList section */
		18DB9E3B23FDBE3C0086116C /* Build configuration list for PBXProject "EZTrim" */ = {
			isa = XCConfigurationList;
			buildConfigurations = (
				18DB9E5223FDBE400086116C /* Debug */,
				18DB9E5323FDBE400086116C /* Release */,
			);
			defaultConfigurationIsVisible = 0;
			defaultConfigurationName = Release;
		};
		18DB9E5423FDBE400086116C /* Build configuration list for PBXNativeTarget "EZTrim" */ = {
			isa = XCConfigurationList;
			buildConfigurations = (
				18DB9E5523FDBE400086116C /* Debug */,
				18DB9E5623FDBE400086116C /* Release */,
			);
			defaultConfigurationIsVisible = 0;
			defaultConfigurationName = Release;
		};
/* End XCConfigurationList section */
	};
	rootObject = 18DB9E3823FDBE3C0086116C /* Project object */;
}
